// !$*UTF8*$!
{
	archiveVersion = 1;
	classes = {
	};
	objectVersion = 56;
	objects = {

/* Begin PBXBuildFile section */
		671155502A8D199500FC3EA0 /* Quizzes.storyboard in Resources */ = {isa = PBXBuildFile; fileRef = 671155412A8D199500FC3EA0 /* Quizzes.storyboard */; };
		671155512A8D199500FC3EA0 /* VideoQuizVC.swift in Sources */ = {isa = PBXBuildFile; fileRef = 671155432A8D199500FC3EA0 /* VideoQuizVC.swift */; };
		671155522A8D199500FC3EA0 /* StagesVC.swift in Sources */ = {isa = PBXBuildFile; fileRef = 671155442A8D199500FC3EA0 /* StagesVC.swift */; };
		671155532A8D199500FC3EA0 /* CategoriesCollectionVC.swift in Sources */ = {isa = PBXBuildFile; fileRef = 671155452A8D199500FC3EA0 /* CategoriesCollectionVC.swift */; };
		671155542A8D199500FC3EA0 /* preQuizVC.swift in Sources */ = {isa = PBXBuildFile; fileRef = 671155462A8D199500FC3EA0 /* preQuizVC.swift */; };
		671155552A8D199500FC3EA0 /* QuizVC.swift in Sources */ = {isa = PBXBuildFile; fileRef = 671155472A8D199500FC3EA0 /* QuizVC.swift */; };
		671155562A8D199500FC3EA0 /* VideoLessonsVC.swift in Sources */ = {isa = PBXBuildFile; fileRef = 671155482A8D199500FC3EA0 /* VideoLessonsVC.swift */; };
		671155572A8D199500FC3EA0 /* Browse Categories & Lessons.storyboard in Resources */ = {isa = PBXBuildFile; fileRef = 671155492A8D199500FC3EA0 /* Browse Categories & Lessons.storyboard */; };
		671155582A8D199500FC3EA0 /* Colors.swift in Sources */ = {isa = PBXBuildFile; fileRef = 6711554B2A8D199500FC3EA0 /* Colors.swift */; };
		671155592A8D199500FC3EA0 /* Quizzes.swift in Sources */ = {isa = PBXBuildFile; fileRef = 6711554C2A8D199500FC3EA0 /* Quizzes.swift */; };
		6711555A2A8D199500FC3EA0 /* CatrgoryVFL.swift in Sources */ = {isa = PBXBuildFile; fileRef = 6711554E2A8D199500FC3EA0 /* CatrgoryVFL.swift */; };
		6711555B2A8D199500FC3EA0 /* CategoryCollectionViewCell.swift in Sources */ = {isa = PBXBuildFile; fileRef = 6711554F2A8D199500FC3EA0 /* CategoryCollectionViewCell.swift */; };
		6711555D2A8D1B1E00FC3EA0 /* Media.xcassets in Resources */ = {isa = PBXBuildFile; fileRef = 6711555C2A8D1B1E00FC3EA0 /* Media.xcassets */; };
		6711555E2A8D32F000FC3EA0 /* Main.storyboard in Resources */ = {isa = PBXBuildFile; fileRef = 6740ACE42A794959006CE7DA /* Main.storyboard */; };
		673B703F2A93A74C0030837C /* Profile.storyboard in Resources */ = {isa = PBXBuildFile; fileRef = 673B703E2A93A74C0030837C /* Profile.storyboard */; };
		6740ACDF2A794959006CE7DA /* AppDelegate.swift in Sources */ = {isa = PBXBuildFile; fileRef = 6740ACDE2A794959006CE7DA /* AppDelegate.swift */; };
		6740ACE12A794959006CE7DA /* SceneDelegate.swift in Sources */ = {isa = PBXBuildFile; fileRef = 6740ACE02A794959006CE7DA /* SceneDelegate.swift */; };
		6740ACE32A794959006CE7DA /* ViewController.swift in Sources */ = {isa = PBXBuildFile; fileRef = 6740ACE22A794959006CE7DA /* ViewController.swift */; };
		6740ACE82A79495A006CE7DA /* Assets.xcassets in Resources */ = {isa = PBXBuildFile; fileRef = 6740ACE72A79495A006CE7DA /* Assets.xcassets */; };
		6740ACEB2A79495A006CE7DA /* LaunchScreen.storyboard in Resources */ = {isa = PBXBuildFile; fileRef = 6740ACE92A79495A006CE7DA /* LaunchScreen.storyboard */; };
		6740ACF42A7949E7006CE7DA /* FirebaseAuth in Frameworks */ = {isa = PBXBuildFile; productRef = 6740ACF32A7949E7006CE7DA /* FirebaseAuth */; };
		6740ACF62A7949E7006CE7DA /* FirebaseDatabase in Frameworks */ = {isa = PBXBuildFile; productRef = 6740ACF52A7949E7006CE7DA /* FirebaseDatabase */; };
		6740ACF82A7949E7006CE7DA /* FirebaseStorage in Frameworks */ = {isa = PBXBuildFile; productRef = 6740ACF72A7949E7006CE7DA /* FirebaseStorage */; };
		6740ACFA2A794AC2006CE7DA /* GoogleService-Info.plist in Resources */ = {isa = PBXBuildFile; fileRef = 6740ACF92A794AC2006CE7DA /* GoogleService-Info.plist */; };
		6754069D2A9252AD009C23A2 /* Home.storyboard in Resources */ = {isa = PBXBuildFile; fileRef = 6754069C2A9252AD009C23A2 /* Home.storyboard */; };
		6754069F2A925432009C23A2 /* HomeVC.swift in Sources */ = {isa = PBXBuildFile; fileRef = 6754069E2A925432009C23A2 /* HomeVC.swift */; };
		67562BD02A926C5900102CF9 /* AddReviewViewController.swift in Sources */ = {isa = PBXBuildFile; fileRef = 67562BCF2A926C5900102CF9 /* AddReviewViewController.swift */; };
		67562BD22A926C6100102CF9 /* Ahmed.storyboard in Resources */ = {isa = PBXBuildFile; fileRef = 67562BD12A926C6100102CF9 /* Ahmed.storyboard */; };
		67562BE82A926C8300102CF9 /* Theme.swift in Sources */ = {isa = PBXBuildFile; fileRef = 67562BD32A926C8300102CF9 /* Theme.swift */; };
		67562BE92A926C8300102CF9 /* UserData.swift in Sources */ = {isa = PBXBuildFile; fileRef = 67562BD42A926C8300102CF9 /* UserData.swift */; };
		67562BEA2A926C8300102CF9 /* ReviewsCollectionViewCell.swift in Sources */ = {isa = PBXBuildFile; fileRef = 67562BD52A926C8300102CF9 /* ReviewsCollectionViewCell.swift */; };
		67562BEB2A926C8300102CF9 /* ForgetPassViewController.swift in Sources */ = {isa = PBXBuildFile; fileRef = 67562BD62A926C8300102CF9 /* ForgetPassViewController.swift */; };
		67562BEC2A926C8300102CF9 /* FireBaseViewController.swift in Sources */ = {isa = PBXBuildFile; fileRef = 67562BD72A926C8300102CF9 /* FireBaseViewController.swift */; };
		67562BED2A926C8300102CF9 /* BookMarkViewController.swift in Sources */ = {isa = PBXBuildFile; fileRef = 67562BD82A926C8300102CF9 /* BookMarkViewController.swift */; };
		67562BEE2A926C8300102CF9 /* TeachersCollectionViewController.swift in Sources */ = {isa = PBXBuildFile; fileRef = 67562BD92A926C8300102CF9 /* TeachersCollectionViewController.swift */; };
		67562BEF2A926C8300102CF9 /* SignupViewController.swift in Sources */ = {isa = PBXBuildFile; fileRef = 67562BDA2A926C8300102CF9 /* SignupViewController.swift */; };
		67562BF02A926C8300102CF9 /* ChangePassViewController.swift in Sources */ = {isa = PBXBuildFile; fileRef = 67562BDB2A926C8300102CF9 /* ChangePassViewController.swift */; };
		67562BF12A926C8300102CF9 /* LoginViewController.swift in Sources */ = {isa = PBXBuildFile; fileRef = 67562BDC2A926C8300102CF9 /* LoginViewController.swift */; };
		67562BF22A926C8300102CF9 /* SettingTableViewController.swift in Sources */ = {isa = PBXBuildFile; fileRef = 67562BDD2A926C8300102CF9 /* SettingTableViewController.swift */; };
		67562BF32A926C8300102CF9 /* ReviewsCollectionViewController.swift in Sources */ = {isa = PBXBuildFile; fileRef = 67562BDE2A926C8300102CF9 /* ReviewsCollectionViewController.swift */; };
		67562BF42A926C8300102CF9 /* Teachers.swift in Sources */ = {isa = PBXBuildFile; fileRef = 67562BDF2A926C8300102CF9 /* Teachers.swift */; };
		67562BF52A926C8300102CF9 /* setting.swift in Sources */ = {isa = PBXBuildFile; fileRef = 67562BE02A926C8300102CF9 /* setting.swift */; };
		67562BF62A926C8300102CF9 /* profileViewController.swift in Sources */ = {isa = PBXBuildFile; fileRef = 67562BE12A926C8300102CF9 /* profileViewController.swift */; };
		67562BF72A926C8300102CF9 /* TeachersDataViewController.swift in Sources */ = {isa = PBXBuildFile; fileRef = 67562BE22A926C8300102CF9 /* TeachersDataViewController.swift */; };
		67562BF82A926C8300102CF9 /* Settings.bundle in Resources */ = {isa = PBXBuildFile; fileRef = 67562BE32A926C8300102CF9 /* Settings.bundle */; };
		67562BF92A926C8300102CF9 /* MainNavigationController.swift in Sources */ = {isa = PBXBuildFile; fileRef = 67562BE42A926C8300102CF9 /* MainNavigationController.swift */; };
		67562BFA2A926C8400102CF9 /* TeachersDataCollectionViewCell.swift in Sources */ = {isa = PBXBuildFile; fileRef = 67562BE52A926C8300102CF9 /* TeachersDataCollectionViewCell.swift */; };
		67562BFB2A926C8400102CF9 /* ConformationforBookingViewController.swift in Sources */ = {isa = PBXBuildFile; fileRef = 67562BE62A926C8300102CF9 /* ConformationforBookingViewController.swift */; };
		67562BFC2A926C8400102CF9 /* SettingTableViewCell.swift in Sources */ = {isa = PBXBuildFile; fileRef = 67562BE72A926C8300102CF9 /* SettingTableViewCell.swift */; };
		67562C072A926C9E00102CF9 /* Hussain.storyboard in Resources */ = {isa = PBXBuildFile; fileRef = 67562BFE2A926C9E00102CF9 /* Hussain.storyboard */; };
		67562C082A926C9E00102CF9 /* AlertListTableViewController.swift in Sources */ = {isa = PBXBuildFile; fileRef = 67562C002A926C9E00102CF9 /* AlertListTableViewController.swift */; };
		67562C092A926C9E00102CF9 /* AlertDetailTableViewController.swift in Sources */ = {isa = PBXBuildFile; fileRef = 67562C012A926C9E00102CF9 /* AlertDetailTableViewController.swift */; };
		67562C0A2A926C9E00102CF9 /* GradientTableViewCell.swift in Sources */ = {isa = PBXBuildFile; fileRef = 67562C022A926C9E00102CF9 /* GradientTableViewCell.swift */; };
		67562C0B2A926C9E00102CF9 /* LocalDatabase.swift in Sources */ = {isa = PBXBuildFile; fileRef = 67562C042A926C9E00102CF9 /* LocalDatabase.swift */; };
		67562C0C2A926C9E00102CF9 /* Notify.swift in Sources */ = {isa = PBXBuildFile; fileRef = 67562C052A926C9E00102CF9 /* Notify.swift */; };
		67562C0D2A926C9E00102CF9 /* NotifyExtra.swift in Sources */ = {isa = PBXBuildFile; fileRef = 67562C062A926C9E00102CF9 /* NotifyExtra.swift */; };
		67B073A72A7FE0F0009B6329 /* LessonsVC.swift in Sources */ = {isa = PBXBuildFile; fileRef = 67B073A62A7FE0F0009B6329 /* LessonsVC.swift */; };
		67E1ADFD2A8BA40400D2B4EB /* ResultsVC.swift in Sources */ = {isa = PBXBuildFile; fileRef = 67E1ADFC2A8BA40400D2B4EB /* ResultsVC.swift */; };
		6A382E382A968B4200D40658 /* PremuimPackageViewController.swift in Sources */ = {isa = PBXBuildFile; fileRef = 6A382E372A968B4200D40658 /* PremuimPackageViewController.swift */; };
		6A382E3A2A968BE400D40658 /* PremiumPayViewController.swift in Sources */ = {isa = PBXBuildFile; fileRef = 6A382E392A968BE400D40658 /* PremiumPayViewController.swift */; };
		6A382E3C2A968CF100D40658 /* PremiumPackage.swift in Sources */ = {isa = PBXBuildFile; fileRef = 6A382E3B2A968CF100D40658 /* PremiumPackage.swift */; };
		6AA626F62A964F7100D636E0 /* BokmarkDtae.swift in Sources */ = {isa = PBXBuildFile; fileRef = 6AA626F52A964F7100D636E0 /* BokmarkDtae.swift */; };
		6AD17E262A94F1B900C8267E /* FFHekaya-Light.otf in Resources */ = {isa = PBXBuildFile; fileRef = 6AD17E252A94F1B900C8267E /* FFHekaya-Light.otf */; };
		6AD17E292A94F20000C8267E /* Leaderboard.storyboard in Resources */ = {isa = PBXBuildFile; fileRef = 6AD17E282A94F20000C8267E /* Leaderboard.storyboard */; };
		6AD17E2B2A94F3DF00C8267E /* LeaderBoardViewController.swift in Sources */ = {isa = PBXBuildFile; fileRef = 6AD17E2A2A94F3DF00C8267E /* LeaderBoardViewController.swift */; };
		6AD17E2D2A94F99000C8267E /* leaderBoardCollectionViewCell.swift in Sources */ = {isa = PBXBuildFile; fileRef = 6AD17E2C2A94F99000C8267E /* leaderBoardCollectionViewCell.swift */; };
		6AD17E2F2A95015E00C8267E /* MyProfileViewController.swift in Sources */ = {isa = PBXBuildFile; fileRef = 6AD17E2E2A95015E00C8267E /* MyProfileViewController.swift */; };
		6AD17E312A95032C00C8267E /* Users-Zaki.swift in Sources */ = {isa = PBXBuildFile; fileRef = 6AD17E302A95032C00C8267E /* Users-Zaki.swift */; };
		6AD17E332A95084A00C8267E /* MyProfileCollectionViewCell.swift in Sources */ = {isa = PBXBuildFile; fileRef = 6AD17E322A95084A00C8267E /* MyProfileCollectionViewCell.swift */; };
		6AD17E352A95155200C8267E /* FriendViewController.swift in Sources */ = {isa = PBXBuildFile; fileRef = 6AD17E342A95155200C8267E /* FriendViewController.swift */; };
		6AD17E372A95181700C8267E /* FriendCollectionViewCell.swift in Sources */ = {isa = PBXBuildFile; fileRef = 6AD17E362A95181700C8267E /* FriendCollectionViewCell.swift */; };
		6AD17E392A95195800C8267E /* addFriendViewController.swift in Sources */ = {isa = PBXBuildFile; fileRef = 6AD17E382A95195800C8267E /* addFriendViewController.swift */; };
		6AD17E3B2A951A2F00C8267E /* addFriendCollectionViewCell.swift in Sources */ = {isa = PBXBuildFile; fileRef = 6AD17E3A2A951A2F00C8267E /* addFriendCollectionViewCell.swift */; };
/* End PBXBuildFile section */

/* Begin PBXFileReference section */
		671155412A8D199500FC3EA0 /* Quizzes.storyboard */ = {isa = PBXFileReference; fileEncoding = 4; lastKnownFileType = file.storyboard; path = Quizzes.storyboard; sourceTree = "<group>"; };
		671155432A8D199500FC3EA0 /* VideoQuizVC.swift */ = {isa = PBXFileReference; fileEncoding = 4; lastKnownFileType = sourcecode.swift; path = VideoQuizVC.swift; sourceTree = "<group>"; };
		671155442A8D199500FC3EA0 /* StagesVC.swift */ = {isa = PBXFileReference; fileEncoding = 4; lastKnownFileType = sourcecode.swift; path = StagesVC.swift; sourceTree = "<group>"; };
		671155452A8D199500FC3EA0 /* CategoriesCollectionVC.swift */ = {isa = PBXFileReference; fileEncoding = 4; lastKnownFileType = sourcecode.swift; path = CategoriesCollectionVC.swift; sourceTree = "<group>"; };
		671155462A8D199500FC3EA0 /* preQuizVC.swift */ = {isa = PBXFileReference; fileEncoding = 4; lastKnownFileType = sourcecode.swift; path = preQuizVC.swift; sourceTree = "<group>"; };
		671155472A8D199500FC3EA0 /* QuizVC.swift */ = {isa = PBXFileReference; fileEncoding = 4; lastKnownFileType = sourcecode.swift; path = QuizVC.swift; sourceTree = "<group>"; };
		671155482A8D199500FC3EA0 /* VideoLessonsVC.swift */ = {isa = PBXFileReference; fileEncoding = 4; lastKnownFileType = sourcecode.swift; path = VideoLessonsVC.swift; sourceTree = "<group>"; };
		671155492A8D199500FC3EA0 /* Browse Categories & Lessons.storyboard */ = {isa = PBXFileReference; fileEncoding = 4; lastKnownFileType = file.storyboard; path = "Browse Categories & Lessons.storyboard"; sourceTree = "<group>"; };
		6711554B2A8D199500FC3EA0 /* Colors.swift */ = {isa = PBXFileReference; fileEncoding = 4; lastKnownFileType = sourcecode.swift; path = Colors.swift; sourceTree = "<group>"; };
		6711554C2A8D199500FC3EA0 /* Quizzes.swift */ = {isa = PBXFileReference; fileEncoding = 4; lastKnownFileType = sourcecode.swift; path = Quizzes.swift; sourceTree = "<group>"; };
		6711554E2A8D199500FC3EA0 /* CatrgoryVFL.swift */ = {isa = PBXFileReference; fileEncoding = 4; lastKnownFileType = sourcecode.swift; path = CatrgoryVFL.swift; sourceTree = "<group>"; };
		6711554F2A8D199500FC3EA0 /* CategoryCollectionViewCell.swift */ = {isa = PBXFileReference; fileEncoding = 4; lastKnownFileType = sourcecode.swift; path = CategoryCollectionViewCell.swift; sourceTree = "<group>"; };
		6711555C2A8D1B1E00FC3EA0 /* Media.xcassets */ = {isa = PBXFileReference; lastKnownFileType = folder.assetcatalog; name = Media.xcassets; path = Eshara/Media.xcassets; sourceTree = SOURCE_ROOT; };
		673B703E2A93A74C0030837C /* Profile.storyboard */ = {isa = PBXFileReference; lastKnownFileType = file.storyboard; path = Profile.storyboard; sourceTree = "<group>"; };
		6740ACDB2A794959006CE7DA /* Eshara.app */ = {isa = PBXFileReference; explicitFileType = wrapper.application; includeInIndex = 0; path = Eshara.app; sourceTree = BUILT_PRODUCTS_DIR; };
		6740ACDE2A794959006CE7DA /* AppDelegate.swift */ = {isa = PBXFileReference; lastKnownFileType = sourcecode.swift; path = AppDelegate.swift; sourceTree = "<group>"; };
		6740ACE02A794959006CE7DA /* SceneDelegate.swift */ = {isa = PBXFileReference; lastKnownFileType = sourcecode.swift; path = SceneDelegate.swift; sourceTree = "<group>"; };
		6740ACE22A794959006CE7DA /* ViewController.swift */ = {isa = PBXFileReference; lastKnownFileType = sourcecode.swift; path = ViewController.swift; sourceTree = "<group>"; };
		6740ACE52A794959006CE7DA /* Base */ = {isa = PBXFileReference; lastKnownFileType = file.storyboard; name = Base; path = Base.lproj/Main.storyboard; sourceTree = "<group>"; };
		6740ACE72A79495A006CE7DA /* Assets.xcassets */ = {isa = PBXFileReference; lastKnownFileType = folder.assetcatalog; path = Assets.xcassets; sourceTree = "<group>"; };
		6740ACEA2A79495A006CE7DA /* Base */ = {isa = PBXFileReference; lastKnownFileType = file.storyboard; name = Base; path = Base.lproj/LaunchScreen.storyboard; sourceTree = "<group>"; };
		6740ACEC2A79495A006CE7DA /* Info.plist */ = {isa = PBXFileReference; lastKnownFileType = text.plist.xml; path = Info.plist; sourceTree = "<group>"; };
		6740ACF92A794AC2006CE7DA /* GoogleService-Info.plist */ = {isa = PBXFileReference; fileEncoding = 4; lastKnownFileType = text.plist.xml; path = "GoogleService-Info.plist"; sourceTree = "<group>"; };
		6754069C2A9252AD009C23A2 /* Home.storyboard */ = {isa = PBXFileReference; lastKnownFileType = file.storyboard; path = Home.storyboard; sourceTree = "<group>"; };
		6754069E2A925432009C23A2 /* HomeVC.swift */ = {isa = PBXFileReference; lastKnownFileType = sourcecode.swift; path = HomeVC.swift; sourceTree = "<group>"; };
		67562BCF2A926C5900102CF9 /* AddReviewViewController.swift */ = {isa = PBXFileReference; fileEncoding = 4; lastKnownFileType = sourcecode.swift; path = AddReviewViewController.swift; sourceTree = "<group>"; };
		67562BD12A926C6100102CF9 /* Ahmed.storyboard */ = {isa = PBXFileReference; fileEncoding = 4; lastKnownFileType = file.storyboard; path = Ahmed.storyboard; sourceTree = "<group>"; };
		67562BD32A926C8300102CF9 /* Theme.swift */ = {isa = PBXFileReference; fileEncoding = 4; lastKnownFileType = sourcecode.swift; path = Theme.swift; sourceTree = "<group>"; };
		67562BD42A926C8300102CF9 /* UserData.swift */ = {isa = PBXFileReference; fileEncoding = 4; lastKnownFileType = sourcecode.swift; path = UserData.swift; sourceTree = "<group>"; };
		67562BD52A926C8300102CF9 /* ReviewsCollectionViewCell.swift */ = {isa = PBXFileReference; fileEncoding = 4; lastKnownFileType = sourcecode.swift; path = ReviewsCollectionViewCell.swift; sourceTree = "<group>"; };
		67562BD62A926C8300102CF9 /* ForgetPassViewController.swift */ = {isa = PBXFileReference; fileEncoding = 4; lastKnownFileType = sourcecode.swift; path = ForgetPassViewController.swift; sourceTree = "<group>"; };
		67562BD72A926C8300102CF9 /* FireBaseViewController.swift */ = {isa = PBXFileReference; fileEncoding = 4; lastKnownFileType = sourcecode.swift; path = FireBaseViewController.swift; sourceTree = "<group>"; };
		67562BD82A926C8300102CF9 /* BookMarkViewController.swift */ = {isa = PBXFileReference; fileEncoding = 4; lastKnownFileType = sourcecode.swift; path = BookMarkViewController.swift; sourceTree = "<group>"; };
		67562BD92A926C8300102CF9 /* TeachersCollectionViewController.swift */ = {isa = PBXFileReference; fileEncoding = 4; lastKnownFileType = sourcecode.swift; path = TeachersCollectionViewController.swift; sourceTree = "<group>"; };
		67562BDA2A926C8300102CF9 /* SignupViewController.swift */ = {isa = PBXFileReference; fileEncoding = 4; lastKnownFileType = sourcecode.swift; path = SignupViewController.swift; sourceTree = "<group>"; };
		67562BDB2A926C8300102CF9 /* ChangePassViewController.swift */ = {isa = PBXFileReference; fileEncoding = 4; lastKnownFileType = sourcecode.swift; path = ChangePassViewController.swift; sourceTree = "<group>"; };
		67562BDC2A926C8300102CF9 /* LoginViewController.swift */ = {isa = PBXFileReference; fileEncoding = 4; lastKnownFileType = sourcecode.swift; path = LoginViewController.swift; sourceTree = "<group>"; };
		67562BDD2A926C8300102CF9 /* SettingTableViewController.swift */ = {isa = PBXFileReference; fileEncoding = 4; lastKnownFileType = sourcecode.swift; path = SettingTableViewController.swift; sourceTree = "<group>"; };
		67562BDE2A926C8300102CF9 /* ReviewsCollectionViewController.swift */ = {isa = PBXFileReference; fileEncoding = 4; lastKnownFileType = sourcecode.swift; path = ReviewsCollectionViewController.swift; sourceTree = "<group>"; };
		67562BDF2A926C8300102CF9 /* Teachers.swift */ = {isa = PBXFileReference; fileEncoding = 4; lastKnownFileType = sourcecode.swift; path = Teachers.swift; sourceTree = "<group>"; };
		67562BE02A926C8300102CF9 /* setting.swift */ = {isa = PBXFileReference; fileEncoding = 4; lastKnownFileType = sourcecode.swift; path = setting.swift; sourceTree = "<group>"; };
		67562BE12A926C8300102CF9 /* profileViewController.swift */ = {isa = PBXFileReference; fileEncoding = 4; lastKnownFileType = sourcecode.swift; path = profileViewController.swift; sourceTree = "<group>"; };
		67562BE22A926C8300102CF9 /* TeachersDataViewController.swift */ = {isa = PBXFileReference; fileEncoding = 4; lastKnownFileType = sourcecode.swift; path = TeachersDataViewController.swift; sourceTree = "<group>"; };
		67562BE32A926C8300102CF9 /* Settings.bundle */ = {isa = PBXFileReference; lastKnownFileType = "wrapper.plug-in"; path = Settings.bundle; sourceTree = "<group>"; };
		67562BE42A926C8300102CF9 /* MainNavigationController.swift */ = {isa = PBXFileReference; fileEncoding = 4; lastKnownFileType = sourcecode.swift; path = MainNavigationController.swift; sourceTree = "<group>"; };
		67562BE52A926C8300102CF9 /* TeachersDataCollectionViewCell.swift */ = {isa = PBXFileReference; fileEncoding = 4; lastKnownFileType = sourcecode.swift; path = TeachersDataCollectionViewCell.swift; sourceTree = "<group>"; };
		67562BE62A926C8300102CF9 /* ConformationforBookingViewController.swift */ = {isa = PBXFileReference; fileEncoding = 4; lastKnownFileType = sourcecode.swift; path = ConformationforBookingViewController.swift; sourceTree = "<group>"; };
		67562BE72A926C8300102CF9 /* SettingTableViewCell.swift */ = {isa = PBXFileReference; fileEncoding = 4; lastKnownFileType = sourcecode.swift; path = SettingTableViewCell.swift; sourceTree = "<group>"; };
		67562BFE2A926C9E00102CF9 /* Hussain.storyboard */ = {isa = PBXFileReference; fileEncoding = 4; lastKnownFileType = file.storyboard; path = Hussain.storyboard; sourceTree = "<group>"; };
		67562C002A926C9E00102CF9 /* AlertListTableViewController.swift */ = {isa = PBXFileReference; fileEncoding = 4; lastKnownFileType = sourcecode.swift; path = AlertListTableViewController.swift; sourceTree = "<group>"; };
		67562C012A926C9E00102CF9 /* AlertDetailTableViewController.swift */ = {isa = PBXFileReference; fileEncoding = 4; lastKnownFileType = sourcecode.swift; path = AlertDetailTableViewController.swift; sourceTree = "<group>"; };
		67562C022A926C9E00102CF9 /* GradientTableViewCell.swift */ = {isa = PBXFileReference; fileEncoding = 4; lastKnownFileType = sourcecode.swift; path = GradientTableViewCell.swift; sourceTree = "<group>"; };
		67562C042A926C9E00102CF9 /* LocalDatabase.swift */ = {isa = PBXFileReference; fileEncoding = 4; lastKnownFileType = sourcecode.swift; path = LocalDatabase.swift; sourceTree = "<group>"; };
		67562C052A926C9E00102CF9 /* Notify.swift */ = {isa = PBXFileReference; fileEncoding = 4; lastKnownFileType = sourcecode.swift; path = Notify.swift; sourceTree = "<group>"; };
		67562C062A926C9E00102CF9 /* NotifyExtra.swift */ = {isa = PBXFileReference; fileEncoding = 4; lastKnownFileType = sourcecode.swift; path = NotifyExtra.swift; sourceTree = "<group>"; };
		67B073A62A7FE0F0009B6329 /* LessonsVC.swift */ = {isa = PBXFileReference; lastKnownFileType = sourcecode.swift; name = LessonsVC.swift; path = Eshara/Zahraa/Controller/LessonsVC.swift; sourceTree = SOURCE_ROOT; };
		67E1ADFC2A8BA40400D2B4EB /* ResultsVC.swift */ = {isa = PBXFileReference; lastKnownFileType = sourcecode.swift; name = ResultsVC.swift; path = Eshara/Zahraa/Controller/ResultsVC.swift; sourceTree = SOURCE_ROOT; };
		6AA626F52A964F7100D636E0 /* BokmarkDtae.swift */ = {isa = PBXFileReference; fileEncoding = 4; lastKnownFileType = sourcecode.swift; path = BokmarkDtae.swift; sourceTree = "<group>"; };
		6A382E372A968B4200D40658 /* PremuimPackageViewController.swift */ = {isa = PBXFileReference; lastKnownFileType = sourcecode.swift; path = PremuimPackageViewController.swift; sourceTree = "<group>"; };
		6A382E392A968BE400D40658 /* PremiumPayViewController.swift */ = {isa = PBXFileReference; lastKnownFileType = sourcecode.swift; path = PremiumPayViewController.swift; sourceTree = "<group>"; };
		6A382E3B2A968CF100D40658 /* PremiumPackage.swift */ = {isa = PBXFileReference; lastKnownFileType = sourcecode.swift; path = PremiumPackage.swift; sourceTree = "<group>"; };
		6AD17E252A94F1B900C8267E /* FFHekaya-Light.otf */ = {isa = PBXFileReference; lastKnownFileType = file; path = "FFHekaya-Light.otf"; sourceTree = "<group>"; };
		6AD17E282A94F20000C8267E /* Leaderboard.storyboard */ = {isa = PBXFileReference; lastKnownFileType = file.storyboard; path = Leaderboard.storyboard; sourceTree = "<group>"; };
		6AD17E2A2A94F3DF00C8267E /* LeaderBoardViewController.swift */ = {isa = PBXFileReference; lastKnownFileType = sourcecode.swift; path = LeaderBoardViewController.swift; sourceTree = "<group>"; };
		6AD17E2C2A94F99000C8267E /* leaderBoardCollectionViewCell.swift */ = {isa = PBXFileReference; lastKnownFileType = sourcecode.swift; path = leaderBoardCollectionViewCell.swift; sourceTree = "<group>"; };
		6AD17E2E2A95015E00C8267E /* MyProfileViewController.swift */ = {isa = PBXFileReference; lastKnownFileType = sourcecode.swift; path = MyProfileViewController.swift; sourceTree = "<group>"; };
		6AD17E302A95032C00C8267E /* Users-Zaki.swift */ = {isa = PBXFileReference; lastKnownFileType = sourcecode.swift; path = "Users-Zaki.swift"; sourceTree = "<group>"; };
		6AD17E322A95084A00C8267E /* MyProfileCollectionViewCell.swift */ = {isa = PBXFileReference; lastKnownFileType = sourcecode.swift; path = MyProfileCollectionViewCell.swift; sourceTree = "<group>"; };
		6AD17E342A95155200C8267E /* FriendViewController.swift */ = {isa = PBXFileReference; lastKnownFileType = sourcecode.swift; path = FriendViewController.swift; sourceTree = "<group>"; };
		6AD17E362A95181700C8267E /* FriendCollectionViewCell.swift */ = {isa = PBXFileReference; lastKnownFileType = sourcecode.swift; path = FriendCollectionViewCell.swift; sourceTree = "<group>"; };
		6AD17E382A95195800C8267E /* addFriendViewController.swift */ = {isa = PBXFileReference; lastKnownFileType = sourcecode.swift; path = addFriendViewController.swift; sourceTree = "<group>"; };
		6AD17E3A2A951A2F00C8267E /* addFriendCollectionViewCell.swift */ = {isa = PBXFileReference; lastKnownFileType = sourcecode.swift; path = addFriendCollectionViewCell.swift; sourceTree = "<group>"; };
/* End PBXFileReference section */

/* Begin PBXFrameworksBuildPhase section */
		6740ACD82A794959006CE7DA /* Frameworks */ = {
			isa = PBXFrameworksBuildPhase;
			buildActionMask = 2147483647;
			files = (
				6740ACF62A7949E7006CE7DA /* FirebaseDatabase in Frameworks */,
				6740ACF42A7949E7006CE7DA /* FirebaseAuth in Frameworks */,
				6740ACF82A7949E7006CE7DA /* FirebaseStorage in Frameworks */,
			);
			runOnlyForDeploymentPostprocessing = 0;
		};
/* End PBXFrameworksBuildPhase section */

/* Begin PBXGroup section */
		6711553F2A8D191300FC3EA0 /* Recovered References */ = {
			isa = PBXGroup;
			children = (
			);
			name = "Recovered References";
			sourceTree = "<group>";
		};
		671155402A8D199500FC3EA0 /* Zahraa */ = {
			isa = PBXGroup;
			children = (
				6711555C2A8D1B1E00FC3EA0 /* Media.xcassets */,
				671155492A8D199500FC3EA0 /* Browse Categories & Lessons.storyboard */,
				671155412A8D199500FC3EA0 /* Quizzes.storyboard */,
				6754069C2A9252AD009C23A2 /* Home.storyboard */,
				671155422A8D199500FC3EA0 /* Controller */,
				6711554A2A8D199500FC3EA0 /* Model */,
				6711554D2A8D199500FC3EA0 /* View */,
			);
			path = Zahraa;
			sourceTree = "<group>";
		};
		671155422A8D199500FC3EA0 /* Controller */ = {
			isa = PBXGroup;
			children = (
				67E1ADFC2A8BA40400D2B4EB /* ResultsVC.swift */,
				671155432A8D199500FC3EA0 /* VideoQuizVC.swift */,
				671155472A8D199500FC3EA0 /* QuizVC.swift */,
				671155462A8D199500FC3EA0 /* preQuizVC.swift */,
				671155482A8D199500FC3EA0 /* VideoLessonsVC.swift */,
				67B073A62A7FE0F0009B6329 /* LessonsVC.swift */,
				671155442A8D199500FC3EA0 /* StagesVC.swift */,
				671155452A8D199500FC3EA0 /* CategoriesCollectionVC.swift */,
				6754069E2A925432009C23A2 /* HomeVC.swift */,
			);
			path = Controller;
			sourceTree = "<group>";
		};
		6711554A2A8D199500FC3EA0 /* Model */ = {
			isa = PBXGroup;
			children = (
				6711554B2A8D199500FC3EA0 /* Colors.swift */,
				6711554C2A8D199500FC3EA0 /* Quizzes.swift */,
			);
			path = Model;
			sourceTree = "<group>";
		};
		6711554D2A8D199500FC3EA0 /* View */ = {
			isa = PBXGroup;
			children = (
				6711554E2A8D199500FC3EA0 /* CatrgoryVFL.swift */,
				6711554F2A8D199500FC3EA0 /* CategoryCollectionViewCell.swift */,
			);
			path = View;
			sourceTree = "<group>";
		};
		6740ACD22A794958006CE7DA = {
			isa = PBXGroup;
			children = (
				6740ACDD2A794959006CE7DA /* Eshara */,
				6740ACDC2A794959006CE7DA /* Products */,
				6711553F2A8D191300FC3EA0 /* Recovered References */,
			);
			sourceTree = "<group>";
		};
		6740ACDC2A794959006CE7DA /* Products */ = {
			isa = PBXGroup;
			children = (
				6740ACDB2A794959006CE7DA /* Eshara.app */,
			);
			name = Products;
			sourceTree = "<group>";
		};
		6740ACDD2A794959006CE7DA /* Eshara */ = {
			isa = PBXGroup;
			children = (
				6AD17E272A94F1E100C8267E /* Zaki */,
				6740ACF92A794AC2006CE7DA /* GoogleService-Info.plist */,
				6740ACDE2A794959006CE7DA /* AppDelegate.swift */,
				6740ACE02A794959006CE7DA /* SceneDelegate.swift */,
				6AD17E252A94F1B900C8267E /* FFHekaya-Light.otf */,
				67562BCF2A926C5900102CF9 /* AddReviewViewController.swift */,
				67562BD12A926C6100102CF9 /* Ahmed.storyboard */,
				6740ACE22A794959006CE7DA /* ViewController.swift */,
				67562BD82A926C8300102CF9 /* BookMarkViewController.swift */,
				67562BDB2A926C8300102CF9 /* ChangePassViewController.swift */,
				67562BE62A926C8300102CF9 /* ConformationforBookingViewController.swift */,
				67562BD72A926C8300102CF9 /* FireBaseViewController.swift */,
				67562BD62A926C8300102CF9 /* ForgetPassViewController.swift */,
				67562BDC2A926C8300102CF9 /* LoginViewController.swift */,
				67562BE42A926C8300102CF9 /* MainNavigationController.swift */,
				67562BE12A926C8300102CF9 /* profileViewController.swift */,
				67562BD52A926C8300102CF9 /* ReviewsCollectionViewCell.swift */,
				67562BDE2A926C8300102CF9 /* ReviewsCollectionViewController.swift */,
				6AA626F52A964F7100D636E0 /* BokmarkDtae.swift */,
				67562BE02A926C8300102CF9 /* setting.swift */,
				67562BE32A926C8300102CF9 /* Settings.bundle */,
				67562BE72A926C8300102CF9 /* SettingTableViewCell.swift */,
				67562BDD2A926C8300102CF9 /* SettingTableViewController.swift */,
				67562BDA2A926C8300102CF9 /* SignupViewController.swift */,
				67562BDF2A926C8300102CF9 /* Teachers.swift */,
				67562BD92A926C8300102CF9 /* TeachersCollectionViewController.swift */,
				67562BE52A926C8300102CF9 /* TeachersDataCollectionViewCell.swift */,
				67562BE22A926C8300102CF9 /* TeachersDataViewController.swift */,
				67562BD32A926C8300102CF9 /* Theme.swift */,
				67562BD42A926C8300102CF9 /* UserData.swift */,
				6A382E372A968B4200D40658 /* PremuimPackageViewController.swift */,
				6A382E3B2A968CF100D40658 /* PremiumPackage.swift */,
				6A382E392A968BE400D40658 /* PremiumPayViewController.swift */,
				6740ACE42A794959006CE7DA /* Main.storyboard */,
				673B703E2A93A74C0030837C /* Profile.storyboard */,
				6740ACE72A79495A006CE7DA /* Assets.xcassets */,
				67562BFD2A926C9E00102CF9 /* Hussain */,
				671155402A8D199500FC3EA0 /* Zahraa */,
				6740ACE92A79495A006CE7DA /* LaunchScreen.storyboard */,
				6740ACEC2A79495A006CE7DA /* Info.plist */,
			);
			path = Eshara;
			sourceTree = "<group>";
		};
		67562BFD2A926C9E00102CF9 /* Hussain */ = {
			isa = PBXGroup;
			children = (
				67562BFE2A926C9E00102CF9 /* Hussain.storyboard */,
				67562BFF2A926C9E00102CF9 /* ViewControllers */,
				67562C032A926C9E00102CF9 /* Model */,
			);
			path = Hussain;
			sourceTree = "<group>";
		};
		67562BFF2A926C9E00102CF9 /* ViewControllers */ = {
			isa = PBXGroup;
			children = (
				67562C002A926C9E00102CF9 /* AlertListTableViewController.swift */,
				67562C012A926C9E00102CF9 /* AlertDetailTableViewController.swift */,
				67562C022A926C9E00102CF9 /* GradientTableViewCell.swift */,
			);
			path = ViewControllers;
			sourceTree = "<group>";
		};
		67562C032A926C9E00102CF9 /* Model */ = {
			isa = PBXGroup;
			children = (
				67562C042A926C9E00102CF9 /* LocalDatabase.swift */,
				67562C052A926C9E00102CF9 /* Notify.swift */,
				67562C062A926C9E00102CF9 /* NotifyExtra.swift */,
			);
			path = Model;
			sourceTree = "<group>";
		};
		6AD17E272A94F1E100C8267E /* Zaki */ = {
			isa = PBXGroup;
			children = (
				6AD17E282A94F20000C8267E /* Leaderboard.storyboard */,
				6AD17E302A95032C00C8267E /* Users-Zaki.swift */,
				6AD17E2A2A94F3DF00C8267E /* LeaderBoardViewController.swift */,
				6AD17E2C2A94F99000C8267E /* leaderBoardCollectionViewCell.swift */,
				6AD17E2E2A95015E00C8267E /* MyProfileViewController.swift */,
				6AD17E322A95084A00C8267E /* MyProfileCollectionViewCell.swift */,
				6AD17E342A95155200C8267E /* FriendViewController.swift */,
				6AD17E362A95181700C8267E /* FriendCollectionViewCell.swift */,
				6AD17E382A95195800C8267E /* addFriendViewController.swift */,
				6AD17E3A2A951A2F00C8267E /* addFriendCollectionViewCell.swift */,
			);
			path = Zaki;
			sourceTree = "<group>";
		};
/* End PBXGroup section */

/* Begin PBXNativeTarget section */
		6740ACDA2A794959006CE7DA /* Eshara */ = {
			isa = PBXNativeTarget;
			buildConfigurationList = 6740ACEF2A79495A006CE7DA /* Build configuration list for PBXNativeTarget "Eshara" */;
			buildPhases = (
				6740ACD72A794959006CE7DA /* Sources */,
				6740ACD82A794959006CE7DA /* Frameworks */,
				6740ACD92A794959006CE7DA /* Resources */,
			);
			buildRules = (
			);
			dependencies = (
			);
			name = Eshara;
			packageProductDependencies = (
				6740ACF32A7949E7006CE7DA /* FirebaseAuth */,
				6740ACF52A7949E7006CE7DA /* FirebaseDatabase */,
				6740ACF72A7949E7006CE7DA /* FirebaseStorage */,
			);
			productName = Eshara;
			productReference = 6740ACDB2A794959006CE7DA /* Eshara.app */;
			productType = "com.apple.product-type.application";
		};
/* End PBXNativeTarget section */

/* Begin PBXProject section */
		6740ACD32A794958006CE7DA /* Project object */ = {
			isa = PBXProject;
			attributes = {
				BuildIndependentTargetsInParallel = 1;
				LastSwiftUpdateCheck = 1430;
				LastUpgradeCheck = 1430;
				TargetAttributes = {
					6740ACDA2A794959006CE7DA = {
						CreatedOnToolsVersion = 14.3;
					};
				};
			};
			buildConfigurationList = 6740ACD62A794958006CE7DA /* Build configuration list for PBXProject "Eshara" */;
			compatibilityVersion = "Xcode 14.0";
			developmentRegion = en;
			hasScannedForEncodings = 0;
			knownRegions = (
				en,
				Base,
			);
			mainGroup = 6740ACD22A794958006CE7DA;
			packageReferences = (
				6740ACF22A7949E7006CE7DA /* XCRemoteSwiftPackageReference "firebase-ios-sdk" */,
			);
			productRefGroup = 6740ACDC2A794959006CE7DA /* Products */;
			projectDirPath = "";
			projectRoot = "";
			targets = (
				6740ACDA2A794959006CE7DA /* Eshara */,
			);
		};
/* End PBXProject section */

/* Begin PBXResourcesBuildPhase section */
		6740ACD92A794959006CE7DA /* Resources */ = {
			isa = PBXResourcesBuildPhase;
			buildActionMask = 2147483647;
			files = (
				6740ACEB2A79495A006CE7DA /* LaunchScreen.storyboard in Resources */,
				6740ACFA2A794AC2006CE7DA /* GoogleService-Info.plist in Resources */,
				6AD17E292A94F20000C8267E /* Leaderboard.storyboard in Resources */,
				6711555D2A8D1B1E00FC3EA0 /* Media.xcassets in Resources */,
				6754069D2A9252AD009C23A2 /* Home.storyboard in Resources */,
				67562C072A926C9E00102CF9 /* Hussain.storyboard in Resources */,
				673B703F2A93A74C0030837C /* Profile.storyboard in Resources */,
				67562BD22A926C6100102CF9 /* Ahmed.storyboard in Resources */,
				6711555E2A8D32F000FC3EA0 /* Main.storyboard in Resources */,
				671155572A8D199500FC3EA0 /* Browse Categories & Lessons.storyboard in Resources */,
				6AD17E262A94F1B900C8267E /* FFHekaya-Light.otf in Resources */,
				671155502A8D199500FC3EA0 /* Quizzes.storyboard in Resources */,
				67562BF82A926C8300102CF9 /* Settings.bundle in Resources */,
				6740ACE82A79495A006CE7DA /* Assets.xcassets in Resources */,
			);
			runOnlyForDeploymentPostprocessing = 0;
		};
/* End PBXResourcesBuildPhase section */

/* Begin PBXSourcesBuildPhase section */
		6740ACD72A794959006CE7DA /* Sources */ = {
			isa = PBXSourcesBuildPhase;
			buildActionMask = 2147483647;
			files = (
				67562BF22A926C8300102CF9 /* SettingTableViewController.swift in Sources */,
				67562BF12A926C8300102CF9 /* LoginViewController.swift in Sources */,
				6AD17E372A95181700C8267E /* FriendCollectionViewCell.swift in Sources */,
				6711555B2A8D199500FC3EA0 /* CategoryCollectionViewCell.swift in Sources */,
				67562C0B2A926C9E00102CF9 /* LocalDatabase.swift in Sources */,
				6AA626F62A964F7100D636E0 /* BokmarkDtae.swift in Sources */,
				671155582A8D199500FC3EA0 /* Colors.swift in Sources */,
				671155592A8D199500FC3EA0 /* Quizzes.swift in Sources */,
				67562BE92A926C8300102CF9 /* UserData.swift in Sources */,
				6AD17E3B2A951A2F00C8267E /* addFriendCollectionViewCell.swift in Sources */,
				67562BF62A926C8300102CF9 /* profileViewController.swift in Sources */,
				67562C0C2A926C9E00102CF9 /* Notify.swift in Sources */,
				671155552A8D199500FC3EA0 /* QuizVC.swift in Sources */,
				67562BF92A926C8300102CF9 /* MainNavigationController.swift in Sources */,
				67562C092A926C9E00102CF9 /* AlertDetailTableViewController.swift in Sources */,
				67562BEC2A926C8300102CF9 /* FireBaseViewController.swift in Sources */,
				67562C082A926C9E00102CF9 /* AlertListTableViewController.swift in Sources */,
				67562BD02A926C5900102CF9 /* AddReviewViewController.swift in Sources */,
				671155562A8D199500FC3EA0 /* VideoLessonsVC.swift in Sources */,
				6AD17E2D2A94F99000C8267E /* leaderBoardCollectionViewCell.swift in Sources */,
				6740ACE32A794959006CE7DA /* ViewController.swift in Sources */,
				6AD17E2F2A95015E00C8267E /* MyProfileViewController.swift in Sources */,
				67562BF02A926C8300102CF9 /* ChangePassViewController.swift in Sources */,
				6AD17E2B2A94F3DF00C8267E /* LeaderBoardViewController.swift in Sources */,
				6711555A2A8D199500FC3EA0 /* CatrgoryVFL.swift in Sources */,
				67562BFA2A926C8400102CF9 /* TeachersDataCollectionViewCell.swift in Sources */,
				671155512A8D199500FC3EA0 /* VideoQuizVC.swift in Sources */,
				67562BEB2A926C8300102CF9 /* ForgetPassViewController.swift in Sources */,
				67562BE82A926C8300102CF9 /* Theme.swift in Sources */,
				67E1ADFD2A8BA40400D2B4EB /* ResultsVC.swift in Sources */,
				6754069F2A925432009C23A2 /* HomeVC.swift in Sources */,
				67562C0A2A926C9E00102CF9 /* GradientTableViewCell.swift in Sources */,
				671155522A8D199500FC3EA0 /* StagesVC.swift in Sources */,
				6AD17E332A95084A00C8267E /* MyProfileCollectionViewCell.swift in Sources */,
				6AD17E312A95032C00C8267E /* Users-Zaki.swift in Sources */,
				6740ACDF2A794959006CE7DA /* AppDelegate.swift in Sources */,
				6740ACE12A794959006CE7DA /* SceneDelegate.swift in Sources */,
				67562BF52A926C8300102CF9 /* setting.swift in Sources */,
				6A382E382A968B4200D40658 /* PremuimPackageViewController.swift in Sources */,
				67562BED2A926C8300102CF9 /* BookMarkViewController.swift in Sources */,
				67562BEE2A926C8300102CF9 /* TeachersCollectionViewController.swift in Sources */,
				6AD17E392A95195800C8267E /* addFriendViewController.swift in Sources */,
				671155532A8D199500FC3EA0 /* CategoriesCollectionVC.swift in Sources */,
				67B073A72A7FE0F0009B6329 /* LessonsVC.swift in Sources */,
				67562BEF2A926C8300102CF9 /* SignupViewController.swift in Sources */,
				67562BF42A926C8300102CF9 /* Teachers.swift in Sources */,
				67562BFB2A926C8400102CF9 /* ConformationforBookingViewController.swift in Sources */,
				67562BF72A926C8300102CF9 /* TeachersDataViewController.swift in Sources */,
				67562BEA2A926C8300102CF9 /* ReviewsCollectionViewCell.swift in Sources */,
				671155542A8D199500FC3EA0 /* preQuizVC.swift in Sources */,
				6A382E3C2A968CF100D40658 /* PremiumPackage.swift in Sources */,
				6AD17E352A95155200C8267E /* FriendViewController.swift in Sources */,
				67562C0D2A926C9E00102CF9 /* NotifyExtra.swift in Sources */,
				67562BFC2A926C8400102CF9 /* SettingTableViewCell.swift in Sources */,
				67562BF32A926C8300102CF9 /* ReviewsCollectionViewController.swift in Sources */,
				6A382E3A2A968BE400D40658 /* PremiumPayViewController.swift in Sources */,
			);
			runOnlyForDeploymentPostprocessing = 0;
		};
/* End PBXSourcesBuildPhase section */

/* Begin PBXVariantGroup section */
		6740ACE42A794959006CE7DA /* Main.storyboard */ = {
			isa = PBXVariantGroup;
			children = (
				6740ACE52A794959006CE7DA /* Base */,
			);
			name = Main.storyboard;
			sourceTree = "<group>";
		};
		6740ACE92A79495A006CE7DA /* LaunchScreen.storyboard */ = {
			isa = PBXVariantGroup;
			children = (
				6740ACEA2A79495A006CE7DA /* Base */,
			);
			name = LaunchScreen.storyboard;
			sourceTree = "<group>";
		};
/* End PBXVariantGroup section */

/* Begin XCBuildConfiguration section */
		6740ACED2A79495A006CE7DA /* Debug */ = {
			isa = XCBuildConfiguration;
			buildSettings = {
				ALWAYS_SEARCH_USER_PATHS = NO;
				CLANG_ANALYZER_NONNULL = YES;
				CLANG_ANALYZER_NUMBER_OBJECT_CONVERSION = YES_AGGRESSIVE;
				CLANG_CXX_LANGUAGE_STANDARD = "gnu++20";
				CLANG_ENABLE_MODULES = YES;
				CLANG_ENABLE_OBJC_ARC = YES;
				CLANG_ENABLE_OBJC_WEAK = YES;
				CLANG_WARN_BLOCK_CAPTURE_AUTORELEASING = YES;
				CLANG_WARN_BOOL_CONVERSION = YES;
				CLANG_WARN_COMMA = YES;
				CLANG_WARN_CONSTANT_CONVERSION = YES;
				CLANG_WARN_DEPRECATED_OBJC_IMPLEMENTATIONS = YES;
				CLANG_WARN_DIRECT_OBJC_ISA_USAGE = YES_ERROR;
				CLANG_WARN_DOCUMENTATION_COMMENTS = YES;
				CLANG_WARN_EMPTY_BODY = YES;
				CLANG_WARN_ENUM_CONVERSION = YES;
				CLANG_WARN_INFINITE_RECURSION = YES;
				CLANG_WARN_INT_CONVERSION = YES;
				CLANG_WARN_NON_LITERAL_NULL_CONVERSION = YES;
				CLANG_WARN_OBJC_IMPLICIT_RETAIN_SELF = YES;
				CLANG_WARN_OBJC_LITERAL_CONVERSION = YES;
				CLANG_WARN_OBJC_ROOT_CLASS = YES_ERROR;
				CLANG_WARN_QUOTED_INCLUDE_IN_FRAMEWORK_HEADER = YES;
				CLANG_WARN_RANGE_LOOP_ANALYSIS = YES;
				CLANG_WARN_STRICT_PROTOTYPES = YES;
				CLANG_WARN_SUSPICIOUS_MOVE = YES;
				CLANG_WARN_UNGUARDED_AVAILABILITY = YES_AGGRESSIVE;
				CLANG_WARN_UNREACHABLE_CODE = YES;
				CLANG_WARN__DUPLICATE_METHOD_MATCH = YES;
				COPY_PHASE_STRIP = NO;
				DEBUG_INFORMATION_FORMAT = dwarf;
				ENABLE_STRICT_OBJC_MSGSEND = YES;
				ENABLE_TESTABILITY = YES;
				GCC_C_LANGUAGE_STANDARD = gnu11;
				GCC_DYNAMIC_NO_PIC = NO;
				GCC_NO_COMMON_BLOCKS = YES;
				GCC_OPTIMIZATION_LEVEL = 0;
				GCC_PREPROCESSOR_DEFINITIONS = (
					"DEBUG=1",
					"$(inherited)",
				);
				GCC_WARN_64_TO_32_BIT_CONVERSION = YES;
				GCC_WARN_ABOUT_RETURN_TYPE = YES_ERROR;
				GCC_WARN_UNDECLARED_SELECTOR = YES;
				GCC_WARN_UNINITIALIZED_AUTOS = YES_AGGRESSIVE;
				GCC_WARN_UNUSED_FUNCTION = YES;
				GCC_WARN_UNUSED_VARIABLE = YES;
				IPHONEOS_DEPLOYMENT_TARGET = 16.4;
				MTL_ENABLE_DEBUG_INFO = INCLUDE_SOURCE;
				MTL_FAST_MATH = YES;
				ONLY_ACTIVE_ARCH = YES;
				SDKROOT = iphoneos;
				SWIFT_ACTIVE_COMPILATION_CONDITIONS = DEBUG;
				SWIFT_OPTIMIZATION_LEVEL = "-Onone";
			};
			name = Debug;
		};
		6740ACEE2A79495A006CE7DA /* Release */ = {
			isa = XCBuildConfiguration;
			buildSettings = {
				ALWAYS_SEARCH_USER_PATHS = NO;
				CLANG_ANALYZER_NONNULL = YES;
				CLANG_ANALYZER_NUMBER_OBJECT_CONVERSION = YES_AGGRESSIVE;
				CLANG_CXX_LANGUAGE_STANDARD = "gnu++20";
				CLANG_ENABLE_MODULES = YES;
				CLANG_ENABLE_OBJC_ARC = YES;
				CLANG_ENABLE_OBJC_WEAK = YES;
				CLANG_WARN_BLOCK_CAPTURE_AUTORELEASING = YES;
				CLANG_WARN_BOOL_CONVERSION = YES;
				CLANG_WARN_COMMA = YES;
				CLANG_WARN_CONSTANT_CONVERSION = YES;
				CLANG_WARN_DEPRECATED_OBJC_IMPLEMENTATIONS = YES;
				CLANG_WARN_DIRECT_OBJC_ISA_USAGE = YES_ERROR;
				CLANG_WARN_DOCUMENTATION_COMMENTS = YES;
				CLANG_WARN_EMPTY_BODY = YES;
				CLANG_WARN_ENUM_CONVERSION = YES;
				CLANG_WARN_INFINITE_RECURSION = YES;
				CLANG_WARN_INT_CONVERSION = YES;
				CLANG_WARN_NON_LITERAL_NULL_CONVERSION = YES;
				CLANG_WARN_OBJC_IMPLICIT_RETAIN_SELF = YES;
				CLANG_WARN_OBJC_LITERAL_CONVERSION = YES;
				CLANG_WARN_OBJC_ROOT_CLASS = YES_ERROR;
				CLANG_WARN_QUOTED_INCLUDE_IN_FRAMEWORK_HEADER = YES;
				CLANG_WARN_RANGE_LOOP_ANALYSIS = YES;
				CLANG_WARN_STRICT_PROTOTYPES = YES;
				CLANG_WARN_SUSPICIOUS_MOVE = YES;
				CLANG_WARN_UNGUARDED_AVAILABILITY = YES_AGGRESSIVE;
				CLANG_WARN_UNREACHABLE_CODE = YES;
				CLANG_WARN__DUPLICATE_METHOD_MATCH = YES;
				COPY_PHASE_STRIP = NO;
				DEBUG_INFORMATION_FORMAT = "dwarf-with-dsym";
				ENABLE_NS_ASSERTIONS = NO;
				ENABLE_STRICT_OBJC_MSGSEND = YES;
				GCC_C_LANGUAGE_STANDARD = gnu11;
				GCC_NO_COMMON_BLOCKS = YES;
				GCC_WARN_64_TO_32_BIT_CONVERSION = YES;
				GCC_WARN_ABOUT_RETURN_TYPE = YES_ERROR;
				GCC_WARN_UNDECLARED_SELECTOR = YES;
				GCC_WARN_UNINITIALIZED_AUTOS = YES_AGGRESSIVE;
				GCC_WARN_UNUSED_FUNCTION = YES;
				GCC_WARN_UNUSED_VARIABLE = YES;
				IPHONEOS_DEPLOYMENT_TARGET = 16.4;
				MTL_ENABLE_DEBUG_INFO = NO;
				MTL_FAST_MATH = YES;
				SDKROOT = iphoneos;
				SWIFT_COMPILATION_MODE = wholemodule;
				SWIFT_OPTIMIZATION_LEVEL = "-O";
				VALIDATE_PRODUCT = YES;
			};
			name = Release;
		};
		6740ACF02A79495A006CE7DA /* Debug */ = {
			isa = XCBuildConfiguration;
			buildSettings = {
				ASSETCATALOG_COMPILER_APPICON_NAME = AppIcon;
				ASSETCATALOG_COMPILER_GLOBAL_ACCENT_COLOR_NAME = AccentColor;
				CODE_SIGN_STYLE = Automatic;
				CURRENT_PROJECT_VERSION = 1;
				GENERATE_INFOPLIST_FILE = YES;
				INFOPLIST_FILE = Eshara/Info.plist;
				INFOPLIST_KEY_UIApplicationSupportsIndirectInputEvents = YES;
				INFOPLIST_KEY_UILaunchStoryboardName = LaunchScreen;
				INFOPLIST_KEY_UIMainStoryboardFile = Main;
				INFOPLIST_KEY_UISupportedInterfaceOrientations_iPad = "UIInterfaceOrientationPortrait UIInterfaceOrientationPortraitUpsideDown UIInterfaceOrientationLandscapeLeft UIInterfaceOrientationLandscapeRight";
				INFOPLIST_KEY_UISupportedInterfaceOrientations_iPhone = "UIInterfaceOrientationPortrait UIInterfaceOrientationLandscapeLeft UIInterfaceOrientationLandscapeRight";
				IPHONEOS_DEPLOYMENT_TARGET = 16.0;
				LD_RUNPATH_SEARCH_PATHS = (
					"$(inherited)",
					"@executable_path/Frameworks",
				);
				MARKETING_VERSION = 1.0;
				PRODUCT_BUNDLE_IDENTIFIER = bh.polytechnic.Eshara;
				PRODUCT_NAME = "$(TARGET_NAME)";
				SWIFT_EMIT_LOC_STRINGS = YES;
				SWIFT_VERSION = 5.0;
				TARGETED_DEVICE_FAMILY = "1,2";
			};
			name = Debug;
		};
		6740ACF12A79495A006CE7DA /* Release */ = {
			isa = XCBuildConfiguration;
			buildSettings = {
				ASSETCATALOG_COMPILER_APPICON_NAME = AppIcon;
				ASSETCATALOG_COMPILER_GLOBAL_ACCENT_COLOR_NAME = AccentColor;
				CODE_SIGN_STYLE = Automatic;
				CURRENT_PROJECT_VERSION = 1;
				GENERATE_INFOPLIST_FILE = YES;
				INFOPLIST_FILE = Eshara/Info.plist;
				INFOPLIST_KEY_UIApplicationSupportsIndirectInputEvents = YES;
				INFOPLIST_KEY_UILaunchStoryboardName = LaunchScreen;
				INFOPLIST_KEY_UIMainStoryboardFile = Main;
				INFOPLIST_KEY_UISupportedInterfaceOrientations_iPad = "UIInterfaceOrientationPortrait UIInterfaceOrientationPortraitUpsideDown UIInterfaceOrientationLandscapeLeft UIInterfaceOrientationLandscapeRight";
				INFOPLIST_KEY_UISupportedInterfaceOrientations_iPhone = "UIInterfaceOrientationPortrait UIInterfaceOrientationLandscapeLeft UIInterfaceOrientationLandscapeRight";
				IPHONEOS_DEPLOYMENT_TARGET = 16.0;
				LD_RUNPATH_SEARCH_PATHS = (
					"$(inherited)",
					"@executable_path/Frameworks",
				);
				MARKETING_VERSION = 1.0;
				PRODUCT_BUNDLE_IDENTIFIER = bh.polytechnic.Eshara;
				PRODUCT_NAME = "$(TARGET_NAME)";
				SWIFT_EMIT_LOC_STRINGS = YES;
				SWIFT_VERSION = 5.0;
				TARGETED_DEVICE_FAMILY = "1,2";
			};
			name = Release;
		};
/* End XCBuildConfiguration section */

/* Begin XCConfigurationList section */
		6740ACD62A794958006CE7DA /* Build configuration list for PBXProject "Eshara" */ = {
			isa = XCConfigurationList;
			buildConfigurations = (
				6740ACED2A79495A006CE7DA /* Debug */,
				6740ACEE2A79495A006CE7DA /* Release */,
			);
			defaultConfigurationIsVisible = 0;
			defaultConfigurationName = Release;
		};
		6740ACEF2A79495A006CE7DA /* Build configuration list for PBXNativeTarget "Eshara" */ = {
			isa = XCConfigurationList;
			buildConfigurations = (
				6740ACF02A79495A006CE7DA /* Debug */,
				6740ACF12A79495A006CE7DA /* Release */,
			);
			defaultConfigurationIsVisible = 0;
			defaultConfigurationName = Release;
		};
/* End XCConfigurationList section */

/* Begin XCRemoteSwiftPackageReference section */
		6740ACF22A7949E7006CE7DA /* XCRemoteSwiftPackageReference "firebase-ios-sdk" */ = {
			isa = XCRemoteSwiftPackageReference;
			repositoryURL = "https://github.com/firebase/firebase-ios-sdk";
			requirement = {
				kind = upToNextMajorVersion;
				minimumVersion = 10.0.0;
			};
		};
/* End XCRemoteSwiftPackageReference section */

/* Begin XCSwiftPackageProductDependency section */
		6740ACF32A7949E7006CE7DA /* FirebaseAuth */ = {
			isa = XCSwiftPackageProductDependency;
			package = 6740ACF22A7949E7006CE7DA /* XCRemoteSwiftPackageReference "firebase-ios-sdk" */;
			productName = FirebaseAuth;
		};
		6740ACF52A7949E7006CE7DA /* FirebaseDatabase */ = {
			isa = XCSwiftPackageProductDependency;
			package = 6740ACF22A7949E7006CE7DA /* XCRemoteSwiftPackageReference "firebase-ios-sdk" */;
			productName = FirebaseDatabase;
		};
		6740ACF72A7949E7006CE7DA /* FirebaseStorage */ = {
			isa = XCSwiftPackageProductDependency;
			package = 6740ACF22A7949E7006CE7DA /* XCRemoteSwiftPackageReference "firebase-ios-sdk" */;
			productName = FirebaseStorage;
		};
/* End XCSwiftPackageProductDependency section */
	};
	rootObject = 6740ACD32A794958006CE7DA /* Project object */;
}
