// !$*UTF8*$!
{
	archiveVersion = 1;
	classes = {
	};
	objectVersion = 56;
	objects = {

/* Begin PBXBuildFile section */
		6740ACDF2A794959006CE7DA /* AppDelegate.swift in Sources */ = {isa = PBXBuildFile; fileRef = 6740ACDE2A794959006CE7DA /* AppDelegate.swift */; };
		6740ACE12A794959006CE7DA /* SceneDelegate.swift in Sources */ = {isa = PBXBuildFile; fileRef = 6740ACE02A794959006CE7DA /* SceneDelegate.swift */; };
		6740ACE32A794959006CE7DA /* ViewController.swift in Sources */ = {isa = PBXBuildFile; fileRef = 6740ACE22A794959006CE7DA /* ViewController.swift */; };
		6740ACE62A794959006CE7DA /* Main.storyboard in Resources */ = {isa = PBXBuildFile; fileRef = 6740ACE42A794959006CE7DA /* Main.storyboard */; };
		6740ACE82A79495A006CE7DA /* Assets.xcassets in Resources */ = {isa = PBXBuildFile; fileRef = 6740ACE72A79495A006CE7DA /* Assets.xcassets */; };
		6740ACEB2A79495A006CE7DA /* LaunchScreen.storyboard in Resources */ = {isa = PBXBuildFile; fileRef = 6740ACE92A79495A006CE7DA /* LaunchScreen.storyboard */; };
		6740ACF42A7949E7006CE7DA /* FirebaseAuth in Frameworks */ = {isa = PBXBuildFile; productRef = 6740ACF32A7949E7006CE7DA /* FirebaseAuth */; };
		6740ACF62A7949E7006CE7DA /* FirebaseDatabase in Frameworks */ = {isa = PBXBuildFile; productRef = 6740ACF52A7949E7006CE7DA /* FirebaseDatabase */; };
		6740ACF82A7949E7006CE7DA /* FirebaseStorage in Frameworks */ = {isa = PBXBuildFile; productRef = 6740ACF72A7949E7006CE7DA /* FirebaseStorage */; };
		6740ACFA2A794AC2006CE7DA /* GoogleService-Info.plist in Resources */ = {isa = PBXBuildFile; fileRef = 6740ACF92A794AC2006CE7DA /* GoogleService-Info.plist */; };
		6A03A51C2A7A9CB500367ED6 /* Teachers.swift in Sources */ = {isa = PBXBuildFile; fileRef = 6A03A51B2A7A9CB500367ED6 /* Teachers.swift */; };
		6A03A51E2A7AA01D00367ED6 /* TeachersData.swift in Sources */ = {isa = PBXBuildFile; fileRef = 6A03A51D2A7AA01D00367ED6 /* TeachersData.swift */; };
		6A27B9832A813DF600255146 /* FireBaseViewController.swift in Sources */ = {isa = PBXBuildFile; fileRef = 6A27B9822A813DF600255146 /* FireBaseViewController.swift */; };
		6A27B9852A8A5F7E00255146 /* ConformationforBookingViewController.swift in Sources */ = {isa = PBXBuildFile; fileRef = 6A27B9842A8A5F7E00255146 /* ConformationforBookingViewController.swift */; };
		6A27B9872A8A643700255146 /* FFHekaya-Light.otf in Resources */ = {isa = PBXBuildFile; fileRef = 6A27B9862A8A621E00255146 /* FFHekaya-Light.otf */; };
		8123E2162A884EAD0020CE5E /* BookMarkViewController.swift in Sources */ = {isa = PBXBuildFile; fileRef = 8123E2152A884EAD0020CE5E /* BookMarkViewController.swift */; };
		815805462A7E62A80073AE7A /* Theme.swift in Sources */ = {isa = PBXBuildFile; fileRef = 815805452A7E62A80073AE7A /* Theme.swift */; };
		8187C4352A8BE0960069088A /* ReviewsCollectionViewController.swift in Sources */ = {isa = PBXBuildFile; fileRef = 8187C4342A8BE0960069088A /* ReviewsCollectionViewController.swift */; };
		8187C4372A8BE0B00069088A /* AddReviewViewController.swift in Sources */ = {isa = PBXBuildFile; fileRef = 8187C4362A8BE0B00069088A /* AddReviewViewController.swift */; };
		8187C4392A8BE4040069088A /* ReviewsCollectionViewCell.swift in Sources */ = {isa = PBXBuildFile; fileRef = 8187C4382A8BE4040069088A /* ReviewsCollectionViewCell.swift */; };
		81AF19102A7F726100398D4D /* TeachersDataViewController.swift in Sources */ = {isa = PBXBuildFile; fileRef = 81AF190F2A7F726100398D4D /* TeachersDataViewController.swift */; };
		81DCFDF12A7CD80600EBE3D7 /* TeachersCollectionViewController.swift in Sources */ = {isa = PBXBuildFile; fileRef = 81DCFDF02A7CD80600EBE3D7 /* TeachersCollectionViewController.swift */; };
		81DCFDF32A7CD81A00EBE3D7 /* TeachersDataCollectionViewCell.swift in Sources */ = {isa = PBXBuildFile; fileRef = 81DCFDF22A7CD81A00EBE3D7 /* TeachersDataCollectionViewCell.swift */; };
		81EBB9D72A87D2BD00781E01 /* Ahmed.storyboard in Resources */ = {isa = PBXBuildFile; fileRef = 81EBB9D62A87D2BD00781E01 /* Ahmed.storyboard */; };
/* End PBXBuildFile section */

/* Begin PBXFileReference section */
		6740ACDB2A794959006CE7DA /* Eshara.app */ = {isa = PBXFileReference; explicitFileType = wrapper.application; includeInIndex = 0; path = Eshara.app; sourceTree = BUILT_PRODUCTS_DIR; };
		6740ACDE2A794959006CE7DA /* AppDelegate.swift */ = {isa = PBXFileReference; lastKnownFileType = sourcecode.swift; path = AppDelegate.swift; sourceTree = "<group>"; };
		6740ACE02A794959006CE7DA /* SceneDelegate.swift */ = {isa = PBXFileReference; lastKnownFileType = sourcecode.swift; path = SceneDelegate.swift; sourceTree = "<group>"; };
		6740ACE22A794959006CE7DA /* ViewController.swift */ = {isa = PBXFileReference; lastKnownFileType = sourcecode.swift; path = ViewController.swift; sourceTree = "<group>"; };
		6740ACE52A794959006CE7DA /* Base */ = {isa = PBXFileReference; lastKnownFileType = file.storyboard; name = Base; path = Base.lproj/Main.storyboard; sourceTree = "<group>"; };
		6740ACE72A79495A006CE7DA /* Assets.xcassets */ = {isa = PBXFileReference; lastKnownFileType = folder.assetcatalog; path = Assets.xcassets; sourceTree = "<group>"; };
		6740ACEA2A79495A006CE7DA /* Base */ = {isa = PBXFileReference; lastKnownFileType = file.storyboard; name = Base; path = Base.lproj/LaunchScreen.storyboard; sourceTree = "<group>"; };
		6740ACEC2A79495A006CE7DA /* Info.plist */ = {isa = PBXFileReference; lastKnownFileType = text.plist.xml; path = Info.plist; sourceTree = "<group>"; };
		6740ACF92A794AC2006CE7DA /* GoogleService-Info.plist */ = {isa = PBXFileReference; fileEncoding = 4; lastKnownFileType = text.plist.xml; path = "GoogleService-Info.plist"; sourceTree = "<group>"; };
		6A03A51B2A7A9CB500367ED6 /* Teachers.swift */ = {isa = PBXFileReference; lastKnownFileType = sourcecode.swift; path = Teachers.swift; sourceTree = "<group>"; };
		6A03A51D2A7AA01D00367ED6 /* TeachersData.swift */ = {isa = PBXFileReference; lastKnownFileType = sourcecode.swift; path = TeachersData.swift; sourceTree = "<group>"; };
		6A27B9822A813DF600255146 /* FireBaseViewController.swift */ = {isa = PBXFileReference; lastKnownFileType = sourcecode.swift; path = FireBaseViewController.swift; sourceTree = "<group>"; };
		6A27B9842A8A5F7E00255146 /* ConformationforBookingViewController.swift */ = {isa = PBXFileReference; lastKnownFileType = sourcecode.swift; path = ConformationforBookingViewController.swift; sourceTree = "<group>"; };
		6A27B9862A8A621E00255146 /* FFHekaya-Light.otf */ = {isa = PBXFileReference; lastKnownFileType = file; path = "FFHekaya-Light.otf"; sourceTree = "<group>"; };
		8123E2152A884EAD0020CE5E /* BookMarkViewController.swift */ = {isa = PBXFileReference; lastKnownFileType = sourcecode.swift; path = BookMarkViewController.swift; sourceTree = "<group>"; };
		815805452A7E62A80073AE7A /* Theme.swift */ = {isa = PBXFileReference; lastKnownFileType = sourcecode.swift; path = Theme.swift; sourceTree = "<group>"; };
		8187C4342A8BE0960069088A /* ReviewsCollectionViewController.swift */ = {isa = PBXFileReference; lastKnownFileType = sourcecode.swift; path = ReviewsCollectionViewController.swift; sourceTree = "<group>"; };
		8187C4362A8BE0B00069088A /* AddReviewViewController.swift */ = {isa = PBXFileReference; lastKnownFileType = sourcecode.swift; path = AddReviewViewController.swift; sourceTree = "<group>"; };
		8187C4382A8BE4040069088A /* ReviewsCollectionViewCell.swift */ = {isa = PBXFileReference; lastKnownFileType = sourcecode.swift; path = ReviewsCollectionViewCell.swift; sourceTree = "<group>"; };
		81AF190F2A7F726100398D4D /* TeachersDataViewController.swift */ = {isa = PBXFileReference; lastKnownFileType = sourcecode.swift; path = TeachersDataViewController.swift; sourceTree = "<group>"; };
		81DCFDF02A7CD80600EBE3D7 /* TeachersCollectionViewController.swift */ = {isa = PBXFileReference; lastKnownFileType = sourcecode.swift; path = TeachersCollectionViewController.swift; sourceTree = "<group>"; };
		81DCFDF22A7CD81A00EBE3D7 /* TeachersDataCollectionViewCell.swift */ = {isa = PBXFileReference; lastKnownFileType = sourcecode.swift; path = TeachersDataCollectionViewCell.swift; sourceTree = "<group>"; };
		81EBB9D62A87D2BD00781E01 /* Ahmed.storyboard */ = {isa = PBXFileReference; lastKnownFileType = file.storyboard; path = Ahmed.storyboard; sourceTree = "<group>"; };
/* End PBXFileReference section */

/* Begin PBXFrameworksBuildPhase section */
		6740ACD82A794959006CE7DA /* Frameworks */ = {
			isa = PBXFrameworksBuildPhase;
			buildActionMask = 2147483647;
			files = (
				6740ACF62A7949E7006CE7DA /* FirebaseDatabase in Frameworks */,
				6740ACF42A7949E7006CE7DA /* FirebaseAuth in Frameworks */,
				6740ACF82A7949E7006CE7DA /* FirebaseStorage in Frameworks */,
			);
			runOnlyForDeploymentPostprocessing = 0;
		};
/* End PBXFrameworksBuildPhase section */

/* Begin PBXGroup section */
		6740ACD22A794958006CE7DA = {
			isa = PBXGroup;
			children = (
				6740ACDD2A794959006CE7DA /* Eshara */,
				6740ACDC2A794959006CE7DA /* Products */,
			);
			sourceTree = "<group>";
		};
		6740ACDC2A794959006CE7DA /* Products */ = {
			isa = PBXGroup;
			children = (
				6740ACDB2A794959006CE7DA /* Eshara.app */,
			);
			name = Products;
			sourceTree = "<group>";
		};
		6740ACDD2A794959006CE7DA /* Eshara */ = {
			isa = PBXGroup;
			children = (
				6A27B9862A8A621E00255146 /* FFHekaya-Light.otf */,
				6A03A51A2A7A9C0800367ED6 /* Ahmed */,
				6740ACF92A794AC2006CE7DA /* GoogleService-Info.plist */,
				6740ACDE2A794959006CE7DA /* AppDelegate.swift */,
				6740ACE02A794959006CE7DA /* SceneDelegate.swift */,
				6740ACE22A794959006CE7DA /* ViewController.swift */,
				6740ACE42A794959006CE7DA /* Main.storyboard */,
				6740ACE72A79495A006CE7DA /* Assets.xcassets */,
				6740ACE92A79495A006CE7DA /* LaunchScreen.storyboard */,
				6740ACEC2A79495A006CE7DA /* Info.plist */,
			);
			path = Eshara;
			sourceTree = "<group>";
		};
		6A03A51A2A7A9C0800367ED6 /* Ahmed */ = {
			isa = PBXGroup;
			children = (
				6A03A51B2A7A9CB500367ED6 /* Teachers.swift */,
				6A03A51D2A7AA01D00367ED6 /* TeachersData.swift */,
				81DCFDF02A7CD80600EBE3D7 /* TeachersCollectionViewController.swift */,
				81DCFDF22A7CD81A00EBE3D7 /* TeachersDataCollectionViewCell.swift */,
				815805452A7E62A80073AE7A /* Theme.swift */,
				81AF190F2A7F726100398D4D /* TeachersDataViewController.swift */,
				6A27B9822A813DF600255146 /* FireBaseViewController.swift */,
				81EBB9D62A87D2BD00781E01 /* Ahmed.storyboard */,
				8123E2152A884EAD0020CE5E /* BookMarkViewController.swift */,
				6A27B9842A8A5F7E00255146 /* ConformationforBookingViewController.swift */,
				8187C4342A8BE0960069088A /* ReviewsCollectionViewController.swift */,
				8187C4362A8BE0B00069088A /* AddReviewViewController.swift */,
				8187C4382A8BE4040069088A /* ReviewsCollectionViewCell.swift */,
			);
			name = Ahmed;
			sourceTree = "<group>";
		};
/* End PBXGroup section */

/* Begin PBXNativeTarget section */
		6740ACDA2A794959006CE7DA /* Eshara */ = {
			isa = PBXNativeTarget;
			buildConfigurationList = 6740ACEF2A79495A006CE7DA /* Build configuration list for PBXNativeTarget "Eshara" */;
			buildPhases = (
				6740ACD72A794959006CE7DA /* Sources */,
				6740ACD82A794959006CE7DA /* Frameworks */,
				6740ACD92A794959006CE7DA /* Resources */,
			);
			buildRules = (
			);
			dependencies = (
			);
			name = Eshara;
			packageProductDependencies = (
				6740ACF32A7949E7006CE7DA /* FirebaseAuth */,
				6740ACF52A7949E7006CE7DA /* FirebaseDatabase */,
				6740ACF72A7949E7006CE7DA /* FirebaseStorage */,
			);
			productName = Eshara;
			productReference = 6740ACDB2A794959006CE7DA /* Eshara.app */;
			productType = "com.apple.product-type.application";
		};
/* End PBXNativeTarget section */

/* Begin PBXProject section */
		6740ACD32A794958006CE7DA /* Project object */ = {
			isa = PBXProject;
			attributes = {
				BuildIndependentTargetsInParallel = 1;
				LastSwiftUpdateCheck = 1430;
				LastUpgradeCheck = 1430;
				TargetAttributes = {
					6740ACDA2A794959006CE7DA = {
						CreatedOnToolsVersion = 14.3;
					};
				};
			};
			buildConfigurationList = 6740ACD62A794958006CE7DA /* Build configuration list for PBXProject "Eshara" */;
			compatibilityVersion = "Xcode 14.0";
			developmentRegion = en;
			hasScannedForEncodings = 0;
			knownRegions = (
				en,
				Base,
			);
			mainGroup = 6740ACD22A794958006CE7DA;
			packageReferences = (
				6740ACF22A7949E7006CE7DA /* XCRemoteSwiftPackageReference "firebase-ios-sdk" */,
			);
			productRefGroup = 6740ACDC2A794959006CE7DA /* Products */;
			projectDirPath = "";
			projectRoot = "";
			targets = (
				6740ACDA2A794959006CE7DA /* Eshara */,
			);
		};
/* End PBXProject section */

/* Begin PBXResourcesBuildPhase section */
		6740ACD92A794959006CE7DA /* Resources */ = {
			isa = PBXResourcesBuildPhase;
			buildActionMask = 2147483647;
			files = (
				6A27B9872A8A643700255146 /* FFHekaya-Light.otf in Resources */,
				6740ACEB2A79495A006CE7DA /* LaunchScreen.storyboard in Resources */,
				6740ACFA2A794AC2006CE7DA /* GoogleService-Info.plist in Resources */,
				6740ACE82A79495A006CE7DA /* Assets.xcassets in Resources */,
				6740ACE62A794959006CE7DA /* Main.storyboard in Resources */,
				81EBB9D72A87D2BD00781E01 /* Ahmed.storyboard in Resources */,
			);
			runOnlyForDeploymentPostprocessing = 0;
		};
/* End PBXResourcesBuildPhase section */

/* Begin PBXSourcesBuildPhase section */
		6740ACD72A794959006CE7DA /* Sources */ = {
			isa = PBXSourcesBuildPhase;
			buildActionMask = 2147483647;
			files = (
				6A03A51C2A7A9CB500367ED6 /* Teachers.swift in Sources */,
				815805462A7E62A80073AE7A /* Theme.swift in Sources */,
				81DCFDF32A7CD81A00EBE3D7 /* TeachersDataCollectionViewCell.swift in Sources */,
				8187C4392A8BE4040069088A /* ReviewsCollectionViewCell.swift in Sources */,
				81DCFDF12A7CD80600EBE3D7 /* TeachersCollectionViewController.swift in Sources */,
				6740ACE32A794959006CE7DA /* ViewController.swift in Sources */,
				8123E2162A884EAD0020CE5E /* BookMarkViewController.swift in Sources */,
				8187C4372A8BE0B00069088A /* AddReviewViewController.swift in Sources */,
				6A27B9832A813DF600255146 /* FireBaseViewController.swift in Sources */,
				6A27B9852A8A5F7E00255146 /* ConformationforBookingViewController.swift in Sources */,
				6A03A51E2A7AA01D00367ED6 /* TeachersData.swift in Sources */,
				8187C4352A8BE0960069088A /* ReviewsCollectionViewController.swift in Sources */,
				6740ACDF2A794959006CE7DA /* AppDelegate.swift in Sources */,
				6740ACE12A794959006CE7DA /* SceneDelegate.swift in Sources */,
				81AF19102A7F726100398D4D /* TeachersDataViewController.swift in Sources */,
			);
			runOnlyForDeploymentPostprocessing = 0;
		};
/* End PBXSourcesBuildPhase section */

/* Begin PBXVariantGroup section */
		6740ACE42A794959006CE7DA /* Main.storyboard */ = {
			isa = PBXVariantGroup;
			children = (
				6740ACE52A794959006CE7DA /* Base */,
			);
			name = Main.storyboard;
			sourceTree = "<group>";
		};
		6740ACE92A79495A006CE7DA /* LaunchScreen.storyboard */ = {
			isa = PBXVariantGroup;
			children = (
				6740ACEA2A79495A006CE7DA /* Base */,
			);
			name = LaunchScreen.storyboard;
			sourceTree = "<group>";
		};
/* End PBXVariantGroup section */

/* Begin XCBuildConfiguration section */
		6740ACED2A79495A006CE7DA /* Debug */ = {
			isa = XCBuildConfiguration;
			buildSettings = {
				ALWAYS_SEARCH_USER_PATHS = NO;
				CLANG_ANALYZER_NONNULL = YES;
				CLANG_ANALYZER_NUMBER_OBJECT_CONVERSION = YES_AGGRESSIVE;
				CLANG_CXX_LANGUAGE_STANDARD = "gnu++20";
				CLANG_ENABLE_MODULES = YES;
				CLANG_ENABLE_OBJC_ARC = YES;
				CLANG_ENABLE_OBJC_WEAK = YES;
				CLANG_WARN_BLOCK_CAPTURE_AUTORELEASING = YES;
				CLANG_WARN_BOOL_CONVERSION = YES;
				CLANG_WARN_COMMA = YES;
				CLANG_WARN_CONSTANT_CONVERSION = YES;
				CLANG_WARN_DEPRECATED_OBJC_IMPLEMENTATIONS = YES;
				CLANG_WARN_DIRECT_OBJC_ISA_USAGE = YES_ERROR;
				CLANG_WARN_DOCUMENTATION_COMMENTS = YES;
				CLANG_WARN_EMPTY_BODY = YES;
				CLANG_WARN_ENUM_CONVERSION = YES;
				CLANG_WARN_INFINITE_RECURSION = YES;
				CLANG_WARN_INT_CONVERSION = YES;
				CLANG_WARN_NON_LITERAL_NULL_CONVERSION = YES;
				CLANG_WARN_OBJC_IMPLICIT_RETAIN_SELF = YES;
				CLANG_WARN_OBJC_LITERAL_CONVERSION = YES;
				CLANG_WARN_OBJC_ROOT_CLASS = YES_ERROR;
				CLANG_WARN_QUOTED_INCLUDE_IN_FRAMEWORK_HEADER = YES;
				CLANG_WARN_RANGE_LOOP_ANALYSIS = YES;
				CLANG_WARN_STRICT_PROTOTYPES = YES;
				CLANG_WARN_SUSPICIOUS_MOVE = YES;
				CLANG_WARN_UNGUARDED_AVAILABILITY = YES_AGGRESSIVE;
				CLANG_WARN_UNREACHABLE_CODE = YES;
				CLANG_WARN__DUPLICATE_METHOD_MATCH = YES;
				COPY_PHASE_STRIP = NO;
				DEBUG_INFORMATION_FORMAT = dwarf;
				ENABLE_STRICT_OBJC_MSGSEND = YES;
				ENABLE_TESTABILITY = YES;
				GCC_C_LANGUAGE_STANDARD = gnu11;
				GCC_DYNAMIC_NO_PIC = NO;
				GCC_NO_COMMON_BLOCKS = YES;
				GCC_OPTIMIZATION_LEVEL = 0;
				GCC_PREPROCESSOR_DEFINITIONS = (
					"DEBUG=1",
					"$(inherited)",
				);
				GCC_WARN_64_TO_32_BIT_CONVERSION = YES;
				GCC_WARN_ABOUT_RETURN_TYPE = YES_ERROR;
				GCC_WARN_UNDECLARED_SELECTOR = YES;
				GCC_WARN_UNINITIALIZED_AUTOS = YES_AGGRESSIVE;
				GCC_WARN_UNUSED_FUNCTION = YES;
				GCC_WARN_UNUSED_VARIABLE = YES;
				IPHONEOS_DEPLOYMENT_TARGET = 16.4;
				MTL_ENABLE_DEBUG_INFO = INCLUDE_SOURCE;
				MTL_FAST_MATH = YES;
				ONLY_ACTIVE_ARCH = YES;
				SDKROOT = iphoneos;
				SWIFT_ACTIVE_COMPILATION_CONDITIONS = DEBUG;
				SWIFT_OPTIMIZATION_LEVEL = "-Onone";
			};
			name = Debug;
		};
		6740ACEE2A79495A006CE7DA /* Release */ = {
			isa = XCBuildConfiguration;
			buildSettings = {
				ALWAYS_SEARCH_USER_PATHS = NO;
				CLANG_ANALYZER_NONNULL = YES;
				CLANG_ANALYZER_NUMBER_OBJECT_CONVERSION = YES_AGGRESSIVE;
				CLANG_CXX_LANGUAGE_STANDARD = "gnu++20";
				CLANG_ENABLE_MODULES = YES;
				CLANG_ENABLE_OBJC_ARC = YES;
				CLANG_ENABLE_OBJC_WEAK = YES;
				CLANG_WARN_BLOCK_CAPTURE_AUTORELEASING = YES;
				CLANG_WARN_BOOL_CONVERSION = YES;
				CLANG_WARN_COMMA = YES;
				CLANG_WARN_CONSTANT_CONVERSION = YES;
				CLANG_WARN_DEPRECATED_OBJC_IMPLEMENTATIONS = YES;
				CLANG_WARN_DIRECT_OBJC_ISA_USAGE = YES_ERROR;
				CLANG_WARN_DOCUMENTATION_COMMENTS = YES;
				CLANG_WARN_EMPTY_BODY = YES;
				CLANG_WARN_ENUM_CONVERSION = YES;
				CLANG_WARN_INFINITE_RECURSION = YES;
				CLANG_WARN_INT_CONVERSION = YES;
				CLANG_WARN_NON_LITERAL_NULL_CONVERSION = YES;
				CLANG_WARN_OBJC_IMPLICIT_RETAIN_SELF = YES;
				CLANG_WARN_OBJC_LITERAL_CONVERSION = YES;
				CLANG_WARN_OBJC_ROOT_CLASS = YES_ERROR;
				CLANG_WARN_QUOTED_INCLUDE_IN_FRAMEWORK_HEADER = YES;
				CLANG_WARN_RANGE_LOOP_ANALYSIS = YES;
				CLANG_WARN_STRICT_PROTOTYPES = YES;
				CLANG_WARN_SUSPICIOUS_MOVE = YES;
				CLANG_WARN_UNGUARDED_AVAILABILITY = YES_AGGRESSIVE;
				CLANG_WARN_UNREACHABLE_CODE = YES;
				CLANG_WARN__DUPLICATE_METHOD_MATCH = YES;
				COPY_PHASE_STRIP = NO;
				DEBUG_INFORMATION_FORMAT = "dwarf-with-dsym";
				ENABLE_NS_ASSERTIONS = NO;
				ENABLE_STRICT_OBJC_MSGSEND = YES;
				GCC_C_LANGUAGE_STANDARD = gnu11;
				GCC_NO_COMMON_BLOCKS = YES;
				GCC_WARN_64_TO_32_BIT_CONVERSION = YES;
				GCC_WARN_ABOUT_RETURN_TYPE = YES_ERROR;
				GCC_WARN_UNDECLARED_SELECTOR = YES;
				GCC_WARN_UNINITIALIZED_AUTOS = YES_AGGRESSIVE;
				GCC_WARN_UNUSED_FUNCTION = YES;
				GCC_WARN_UNUSED_VARIABLE = YES;
				IPHONEOS_DEPLOYMENT_TARGET = 16.4;
				MTL_ENABLE_DEBUG_INFO = NO;
				MTL_FAST_MATH = YES;
				SDKROOT = iphoneos;
				SWIFT_COMPILATION_MODE = wholemodule;
				SWIFT_OPTIMIZATION_LEVEL = "-O";
				VALIDATE_PRODUCT = YES;
			};
			name = Release;
		};
		6740ACF02A79495A006CE7DA /* Debug */ = {
			isa = XCBuildConfiguration;
			buildSettings = {
				ASSETCATALOG_COMPILER_APPICON_NAME = AppIcon;
				ASSETCATALOG_COMPILER_GLOBAL_ACCENT_COLOR_NAME = AccentColor;
				CODE_SIGN_STYLE = Automatic;
				CURRENT_PROJECT_VERSION = 1;
				GENERATE_INFOPLIST_FILE = YES;
				INFOPLIST_FILE = Eshara/Info.plist;
				INFOPLIST_KEY_UIApplicationSupportsIndirectInputEvents = YES;
				INFOPLIST_KEY_UILaunchStoryboardName = LaunchScreen;
				INFOPLIST_KEY_UIMainStoryboardFile = Main;
				INFOPLIST_KEY_UIStatusBarStyle = "";
				INFOPLIST_KEY_UISupportedInterfaceOrientations_iPad = "UIInterfaceOrientationPortrait UIInterfaceOrientationPortraitUpsideDown UIInterfaceOrientationLandscapeLeft UIInterfaceOrientationLandscapeRight";
				INFOPLIST_KEY_UISupportedInterfaceOrientations_iPhone = "UIInterfaceOrientationPortrait UIInterfaceOrientationLandscapeLeft UIInterfaceOrientationLandscapeRight";
				IPHONEOS_DEPLOYMENT_TARGET = 16.0;
				LD_RUNPATH_SEARCH_PATHS = (
					"$(inherited)",
					"@executable_path/Frameworks",
				);
				MARKETING_VERSION = 1.0;
				PRODUCT_BUNDLE_IDENTIFIER = bh.polytechnic.Eshara;
				PRODUCT_NAME = "$(TARGET_NAME)";
				SWIFT_EMIT_LOC_STRINGS = YES;
				SWIFT_VERSION = 5.0;
				TARGETED_DEVICE_FAMILY = "1,2";
			};
			name = Debug;
		};
		6740ACF12A79495A006CE7DA /* Release */ = {
			isa = XCBuildConfiguration;
			buildSettings = {
				ASSETCATALOG_COMPILER_APPICON_NAME = AppIcon;
				ASSETCATALOG_COMPILER_GLOBAL_ACCENT_COLOR_NAME = AccentColor;
				CODE_SIGN_STYLE = Automatic;
				CURRENT_PROJECT_VERSION = 1;
				GENERATE_INFOPLIST_FILE = YES;
				INFOPLIST_FILE = Eshara/Info.plist;
				INFOPLIST_KEY_UIApplicationSupportsIndirectInputEvents = YES;
				INFOPLIST_KEY_UILaunchStoryboardName = LaunchScreen;
				INFOPLIST_KEY_UIMainStoryboardFile = Main;
				INFOPLIST_KEY_UIStatusBarStyle = "";
				INFOPLIST_KEY_UISupportedInterfaceOrientations_iPad = "UIInterfaceOrientationPortrait UIInterfaceOrientationPortraitUpsideDown UIInterfaceOrientationLandscapeLeft UIInterfaceOrientationLandscapeRight";
				INFOPLIST_KEY_UISupportedInterfaceOrientations_iPhone = "UIInterfaceOrientationPortrait UIInterfaceOrientationLandscapeLeft UIInterfaceOrientationLandscapeRight";
				IPHONEOS_DEPLOYMENT_TARGET = 16.0;
				LD_RUNPATH_SEARCH_PATHS = (
					"$(inherited)",
					"@executable_path/Frameworks",
				);
				MARKETING_VERSION = 1.0;
				PRODUCT_BUNDLE_IDENTIFIER = bh.polytechnic.Eshara;
				PRODUCT_NAME = "$(TARGET_NAME)";
				SWIFT_EMIT_LOC_STRINGS = YES;
				SWIFT_VERSION = 5.0;
				TARGETED_DEVICE_FAMILY = "1,2";
			};
			name = Release;
		};
/* End XCBuildConfiguration section */

/* Begin XCConfigurationList section */
		6740ACD62A794958006CE7DA /* Build configuration list for PBXProject "Eshara" */ = {
			isa = XCConfigurationList;
			buildConfigurations = (
				6740ACED2A79495A006CE7DA /* Debug */,
				6740ACEE2A79495A006CE7DA /* Release */,
			);
			defaultConfigurationIsVisible = 0;
			defaultConfigurationName = Release;
		};
		6740ACEF2A79495A006CE7DA /* Build configuration list for PBXNativeTarget "Eshara" */ = {
			isa = XCConfigurationList;
			buildConfigurations = (
				6740ACF02A79495A006CE7DA /* Debug */,
				6740ACF12A79495A006CE7DA /* Release */,
			);
			defaultConfigurationIsVisible = 0;
			defaultConfigurationName = Release;
		};
/* End XCConfigurationList section */

/* Begin XCRemoteSwiftPackageReference section */
		6740ACF22A7949E7006CE7DA /* XCRemoteSwiftPackageReference "firebase-ios-sdk" */ = {
			isa = XCRemoteSwiftPackageReference;
			repositoryURL = "https://github.com/firebase/firebase-ios-sdk";
			requirement = {
				kind = upToNextMajorVersion;
				minimumVersion = 10.0.0;
			};
		};
/* End XCRemoteSwiftPackageReference section */

/* Begin XCSwiftPackageProductDependency section */
		6740ACF32A7949E7006CE7DA /* FirebaseAuth */ = {
			isa = XCSwiftPackageProductDependency;
			package = 6740ACF22A7949E7006CE7DA /* XCRemoteSwiftPackageReference "firebase-ios-sdk" */;
			productName = FirebaseAuth;
		};
		6740ACF52A7949E7006CE7DA /* FirebaseDatabase */ = {
			isa = XCSwiftPackageProductDependency;
			package = 6740ACF22A7949E7006CE7DA /* XCRemoteSwiftPackageReference "firebase-ios-sdk" */;
			productName = FirebaseDatabase;
		};
		6740ACF72A7949E7006CE7DA /* FirebaseStorage */ = {
			isa = XCSwiftPackageProductDependency;
			package = 6740ACF22A7949E7006CE7DA /* XCRemoteSwiftPackageReference "firebase-ios-sdk" */;
			productName = FirebaseStorage;
		};
/* End XCSwiftPackageProductDependency section */
	};
	rootObject = 6740ACD32A794958006CE7DA /* Project object */;
}
